
Microsoft Visual Studio Solution File, Format Version 12.00
# Visual Studio Version 17
VisualStudioVersion = 17.13.35931.197 d17.13
MinimumVisualStudioVersion = 10.0.40219.1
Project("{FAE04EC0-301F-11D3-BF4B-00C04F79EFBC}") = "CollegeManagement", "CollegeManagement.csproj", "{10A7D551-E9A6-6D90-2F31-5765572A2096}"
EndProject
Global
	GlobalSection(SolutionConfigurationPlatforms) = preSolution
		Debug|Any CPU = Debug|Any CPU
		Release|Any CPU = Release|Any CPU
	EndGlobalSection
	GlobalSection(ProjectConfigurationPlatforms) = postSolution
		{10A7D551-E9A6-6D90-2F31-5765572A2096}.Debug|Any CPU.ActiveCfg = Debug|Any CPU
		{10A7D551-E9A6-6D90-2F31-5765572A2096}.Debug|Any CPU.Build.0 = Debug|Any CPU
		{10A7D551-E9A6-6D90-2F31-5765572A2096}.Release|Any CPU.ActiveCfg = Release|Any CPU
		{10A7D551-E9A6-6D90-2F31-5765572A2096}.Release|Any CPU.Build.0 = Release|Any CPU
	EndGlobalSection
	GlobalSection(SolutionProperties) = preSolution
		HideSolutionNode = FALSE
	EndGlobalSection
	GlobalSection(ExtensibilityGlobals) = postSolution
		SolutionGuid = {3FDC0AA9-7C39-4417-9637-A9C452CCC5C2}
	EndGlobalSection
EndGlobal
